// !$*UTF8*$!
{
	archiveVersion = 1;
	classes = {
	};
	objectVersion = 48;
	objects = {

/* Begin PBXBuildFile section */
		A822CAC76072139F1011074C /* Pods_Smack.framework in Frameworks */ = {isa = PBXBuildFile; fileRef = 5042258EC49B2204AC6BE68D /* Pods_Smack.framework */; };
		FA77C22921D632BD00F9D086 /* AppDelegate.swift in Sources */ = {isa = PBXBuildFile; fileRef = FA77C22821D632BD00F9D086 /* AppDelegate.swift */; };
		FA77C22E21D632BD00F9D086 /* Main.storyboard in Resources */ = {isa = PBXBuildFile; fileRef = FA77C22C21D632BD00F9D086 /* Main.storyboard */; };
		FA77C23021D632BD00F9D086 /* Assets.xcassets in Resources */ = {isa = PBXBuildFile; fileRef = FA77C22F21D632BD00F9D086 /* Assets.xcassets */; };
		FA77C23321D632BD00F9D086 /* LaunchScreen.storyboard in Resources */ = {isa = PBXBuildFile; fileRef = FA77C23121D632BD00F9D086 /* LaunchScreen.storyboard */; };
		FA77C23E21D632BD00F9D086 /* SmackTests.swift in Sources */ = {isa = PBXBuildFile; fileRef = FA77C23D21D632BD00F9D086 /* SmackTests.swift */; };
		FA77C24921D632BD00F9D086 /* SmackUITests.swift in Sources */ = {isa = PBXBuildFile; fileRef = FA77C24821D632BD00F9D086 /* SmackUITests.swift */; };
		FA790B4E21D65BBD00E570E4 /* SWRevealViewController.m in Sources */ = {isa = PBXBuildFile; fileRef = FA790B4C21D65BBD00E570E4 /* SWRevealViewController.m */; };
		FA790B5421D65FB700E570E4 /* ChatVC.swift in Sources */ = {isa = PBXBuildFile; fileRef = FA790B5321D65FB700E570E4 /* ChatVC.swift */; };
		FA790B5621D65FE300E570E4 /* ChannelVC.swift in Sources */ = {isa = PBXBuildFile; fileRef = FA790B5521D65FE300E570E4 /* ChannelVC.swift */; };
		FA790B5821D670C800E570E4 /* GradientView.swift in Sources */ = {isa = PBXBuildFile; fileRef = FA790B5721D670C800E570E4 /* GradientView.swift */; };
		FA790B5B21D6BFBD00E570E4 /* Constants.swift in Sources */ = {isa = PBXBuildFile; fileRef = FA790B5A21D6BFBD00E570E4 /* Constants.swift */; };
		FA790B5D21D6CB9C00E570E4 /* LoginVC.swift in Sources */ = {isa = PBXBuildFile; fileRef = FA790B5C21D6CB9C00E570E4 /* LoginVC.swift */; };
/* End PBXBuildFile section */

/* Begin PBXContainerItemProxy section */
		FA77C23A21D632BD00F9D086 /* PBXContainerItemProxy */ = {
			isa = PBXContainerItemProxy;
			containerPortal = FA77C21D21D632BD00F9D086 /* Project object */;
			proxyType = 1;
			remoteGlobalIDString = FA77C22421D632BD00F9D086;
			remoteInfo = Smack;
		};
		FA77C24521D632BD00F9D086 /* PBXContainerItemProxy */ = {
			isa = PBXContainerItemProxy;
			containerPortal = FA77C21D21D632BD00F9D086 /* Project object */;
			proxyType = 1;
			remoteGlobalIDString = FA77C22421D632BD00F9D086;
			remoteInfo = Smack;
		};
/* End PBXContainerItemProxy section */

/* Begin PBXFileReference section */
		5042258EC49B2204AC6BE68D /* Pods_Smack.framework */ = {isa = PBXFileReference; explicitFileType = wrapper.framework; includeInIndex = 0; path = Pods_Smack.framework; sourceTree = BUILT_PRODUCTS_DIR; };
		73147AF938AD2F4E3524BA2D /* Pods-Smack.release.xcconfig */ = {isa = PBXFileReference; includeInIndex = 1; lastKnownFileType = text.xcconfig; name = "Pods-Smack.release.xcconfig"; path = "Pods/Target Support Files/Pods-Smack/Pods-Smack.release.xcconfig"; sourceTree = "<group>"; };
		EAF8B683C96721219B5305B7 /* Pods-Smack.debug.xcconfig */ = {isa = PBXFileReference; includeInIndex = 1; lastKnownFileType = text.xcconfig; name = "Pods-Smack.debug.xcconfig"; path = "Pods/Target Support Files/Pods-Smack/Pods-Smack.debug.xcconfig"; sourceTree = "<group>"; };
		FA77C22521D632BD00F9D086 /* Smack.app */ = {isa = PBXFileReference; explicitFileType = wrapper.application; includeInIndex = 0; path = Smack.app; sourceTree = BUILT_PRODUCTS_DIR; };
		FA77C22821D632BD00F9D086 /* AppDelegate.swift */ = {isa = PBXFileReference; lastKnownFileType = sourcecode.swift; path = AppDelegate.swift; sourceTree = "<group>"; };
		FA77C22D21D632BD00F9D086 /* Base */ = {isa = PBXFileReference; lastKnownFileType = file.storyboard; name = Base; path = Base.lproj/Main.storyboard; sourceTree = "<group>"; };
		FA77C22F21D632BD00F9D086 /* Assets.xcassets */ = {isa = PBXFileReference; lastKnownFileType = folder.assetcatalog; path = Assets.xcassets; sourceTree = "<group>"; };
		FA77C23221D632BD00F9D086 /* Base */ = {isa = PBXFileReference; lastKnownFileType = file.storyboard; name = Base; path = Base.lproj/LaunchScreen.storyboard; sourceTree = "<group>"; };
		FA77C23421D632BD00F9D086 /* Info.plist */ = {isa = PBXFileReference; lastKnownFileType = text.plist.xml; path = Info.plist; sourceTree = "<group>"; };
		FA77C23921D632BD00F9D086 /* SmackTests.xctest */ = {isa = PBXFileReference; explicitFileType = wrapper.cfbundle; includeInIndex = 0; path = SmackTests.xctest; sourceTree = BUILT_PRODUCTS_DIR; };
		FA77C23D21D632BD00F9D086 /* SmackTests.swift */ = {isa = PBXFileReference; lastKnownFileType = sourcecode.swift; path = SmackTests.swift; sourceTree = "<group>"; };
		FA77C23F21D632BD00F9D086 /* Info.plist */ = {isa = PBXFileReference; lastKnownFileType = text.plist.xml; path = Info.plist; sourceTree = "<group>"; };
		FA77C24421D632BD00F9D086 /* SmackUITests.xctest */ = {isa = PBXFileReference; explicitFileType = wrapper.cfbundle; includeInIndex = 0; path = SmackUITests.xctest; sourceTree = BUILT_PRODUCTS_DIR; };
		FA77C24821D632BD00F9D086 /* SmackUITests.swift */ = {isa = PBXFileReference; lastKnownFileType = sourcecode.swift; path = SmackUITests.swift; sourceTree = "<group>"; };
		FA77C24A21D632BD00F9D086 /* Info.plist */ = {isa = PBXFileReference; lastKnownFileType = text.plist.xml; path = Info.plist; sourceTree = "<group>"; };
		FA790B4C21D65BBD00E570E4 /* SWRevealViewController.m */ = {isa = PBXFileReference; fileEncoding = 4; lastKnownFileType = sourcecode.c.objc; path = SWRevealViewController.m; sourceTree = "<group>"; };
		FA790B4D21D65BBD00E570E4 /* SWRevealViewController.h */ = {isa = PBXFileReference; fileEncoding = 4; lastKnownFileType = sourcecode.c.h; path = SWRevealViewController.h; sourceTree = "<group>"; };
		FA790B4F21D65C0D00E570E4 /* Smack-Bridging-Header.h */ = {isa = PBXFileReference; lastKnownFileType = sourcecode.c.h; path = "Smack-Bridging-Header.h"; sourceTree = "<group>"; };
		FA790B5321D65FB700E570E4 /* ChatVC.swift */ = {isa = PBXFileReference; lastKnownFileType = sourcecode.swift; path = ChatVC.swift; sourceTree = "<group>"; };
		FA790B5521D65FE300E570E4 /* ChannelVC.swift */ = {isa = PBXFileReference; lastKnownFileType = sourcecode.swift; path = ChannelVC.swift; sourceTree = "<group>"; };
		FA790B5721D670C800E570E4 /* GradientView.swift */ = {isa = PBXFileReference; lastKnownFileType = sourcecode.swift; path = GradientView.swift; sourceTree = "<group>"; };
		FA790B5A21D6BFBD00E570E4 /* Constants.swift */ = {isa = PBXFileReference; lastKnownFileType = sourcecode.swift; path = Constants.swift; sourceTree = "<group>"; };
		FA790B5C21D6CB9C00E570E4 /* LoginVC.swift */ = {isa = PBXFileReference; lastKnownFileType = sourcecode.swift; path = LoginVC.swift; sourceTree = "<group>"; };
/* End PBXFileReference section */

/* Begin PBXFrameworksBuildPhase section */
		FA77C22221D632BD00F9D086 /* Frameworks */ = {
			isa = PBXFrameworksBuildPhase;
			buildActionMask = 2147483647;
			files = (
				A822CAC76072139F1011074C /* Pods_Smack.framework in Frameworks */,
			);
			runOnlyForDeploymentPostprocessing = 0;
		};
		FA77C23621D632BD00F9D086 /* Frameworks */ = {
			isa = PBXFrameworksBuildPhase;
			buildActionMask = 2147483647;
			files = (
			);
			runOnlyForDeploymentPostprocessing = 0;
		};
		FA77C24121D632BD00F9D086 /* Frameworks */ = {
			isa = PBXFrameworksBuildPhase;
			buildActionMask = 2147483647;
			files = (
			);
			runOnlyForDeploymentPostprocessing = 0;
		};
/* End PBXFrameworksBuildPhase section */

/* Begin PBXGroup section */
		71478C031D1ABDB710988B9D /* Frameworks */ = {
			isa = PBXGroup;
			children = (
				5042258EC49B2204AC6BE68D /* Pods_Smack.framework */,
			);
			name = Frameworks;
			sourceTree = "<group>";
		};
		B13DC5D4905359B5723F98B1 /* Pods */ = {
			isa = PBXGroup;
			children = (
				EAF8B683C96721219B5305B7 /* Pods-Smack.debug.xcconfig */,
				73147AF938AD2F4E3524BA2D /* Pods-Smack.release.xcconfig */,
			);
			name = Pods;
			sourceTree = "<group>";
		};
		FA77C21C21D632BD00F9D086 = {
			isa = PBXGroup;
			children = (
				FA790B4B21D65B9A00E570E4 /* Supporting Files */,
				FA77C22721D632BD00F9D086 /* Smack */,
				FA77C23C21D632BD00F9D086 /* SmackTests */,
				FA77C24721D632BD00F9D086 /* SmackUITests */,
				FA77C22621D632BD00F9D086 /* Products */,
				B13DC5D4905359B5723F98B1 /* Pods */,
				71478C031D1ABDB710988B9D /* Frameworks */,
			);
			sourceTree = "<group>";
		};
		FA77C22621D632BD00F9D086 /* Products */ = {
			isa = PBXGroup;
			children = (
				FA77C22521D632BD00F9D086 /* Smack.app */,
				FA77C23921D632BD00F9D086 /* SmackTests.xctest */,
				FA77C24421D632BD00F9D086 /* SmackUITests.xctest */,
			);
			name = Products;
			sourceTree = "<group>";
		};
		FA77C22721D632BD00F9D086 /* Smack */ = {
			isa = PBXGroup;
			children = (
				FA790B5921D6BF8800E570E4 /* Utilities */,
				FA790B5021D65F7A00E570E4 /* Model */,
				FA790B5121D65F8100E570E4 /* View */,
				FA790B5221D65F8800E570E4 /* Controller */,
				FA77C22821D632BD00F9D086 /* AppDelegate.swift */,
				FA77C22C21D632BD00F9D086 /* Main.storyboard */,
				FA77C22F21D632BD00F9D086 /* Assets.xcassets */,
				FA77C23121D632BD00F9D086 /* LaunchScreen.storyboard */,
				FA77C23421D632BD00F9D086 /* Info.plist */,
			);
			path = Smack;
			sourceTree = "<group>";
		};
		FA77C23C21D632BD00F9D086 /* SmackTests */ = {
			isa = PBXGroup;
			children = (
				FA77C23D21D632BD00F9D086 /* SmackTests.swift */,
				FA77C23F21D632BD00F9D086 /* Info.plist */,
			);
			path = SmackTests;
			sourceTree = "<group>";
		};
		FA77C24721D632BD00F9D086 /* SmackUITests */ = {
			isa = PBXGroup;
			children = (
				FA77C24821D632BD00F9D086 /* SmackUITests.swift */,
				FA77C24A21D632BD00F9D086 /* Info.plist */,
			);
			path = SmackUITests;
			sourceTree = "<group>";
		};
		FA790B4B21D65B9A00E570E4 /* Supporting Files */ = {
			isa = PBXGroup;
			children = (
				FA790B4D21D65BBD00E570E4 /* SWRevealViewController.h */,
				FA790B4C21D65BBD00E570E4 /* SWRevealViewController.m */,
				FA790B4F21D65C0D00E570E4 /* Smack-Bridging-Header.h */,
			);
			path = "Supporting Files";
			sourceTree = "<group>";
		};
		FA790B5021D65F7A00E570E4 /* Model */ = {
			isa = PBXGroup;
			children = (
			);
			path = Model;
			sourceTree = "<group>";
		};
		FA790B5121D65F8100E570E4 /* View */ = {
			isa = PBXGroup;
			children = (
				FA790B5721D670C800E570E4 /* GradientView.swift */,
			);
			path = View;
			sourceTree = "<group>";
		};
		FA790B5221D65F8800E570E4 /* Controller */ = {
			isa = PBXGroup;
			children = (
				FA790B5321D65FB700E570E4 /* ChatVC.swift */,
				FA790B5521D65FE300E570E4 /* ChannelVC.swift */,
				FA790B5C21D6CB9C00E570E4 /* LoginVC.swift */,
			);
			path = Controller;
			sourceTree = "<group>";
		};
		FA790B5921D6BF8800E570E4 /* Utilities */ = {
			isa = PBXGroup;
			children = (
				FA790B5A21D6BFBD00E570E4 /* Constants.swift */,
			);
			path = Utilities;
			sourceTree = "<group>";
		};
/* End PBXGroup section */

/* Begin PBXNativeTarget section */
		FA77C22421D632BD00F9D086 /* Smack */ = {
			isa = PBXNativeTarget;
			buildConfigurationList = FA77C24D21D632BD00F9D086 /* Build configuration list for PBXNativeTarget "Smack" */;
			buildPhases = (
				DFD25E7ED63D152B3E4944C2 /* [CP] Check Pods Manifest.lock */,
				FA77C22121D632BD00F9D086 /* Sources */,
				FA77C22221D632BD00F9D086 /* Frameworks */,
				FA77C22321D632BD00F9D086 /* Resources */,
				7E9A8F0B4DBB1C569446D927 /* [CP] Embed Pods Frameworks */,
			);
			buildRules = (
			);
			dependencies = (
			);
			name = Smack;
			productName = Smack;
			productReference = FA77C22521D632BD00F9D086 /* Smack.app */;
			productType = "com.apple.product-type.application";
		};
		FA77C23821D632BD00F9D086 /* SmackTests */ = {
			isa = PBXNativeTarget;
			buildConfigurationList = FA77C25021D632BD00F9D086 /* Build configuration list for PBXNativeTarget "SmackTests" */;
			buildPhases = (
				FA77C23521D632BD00F9D086 /* Sources */,
				FA77C23621D632BD00F9D086 /* Frameworks */,
				FA77C23721D632BD00F9D086 /* Resources */,
			);
			buildRules = (
			);
			dependencies = (
				FA77C23B21D632BD00F9D086 /* PBXTargetDependency */,
			);
			name = SmackTests;
			productName = SmackTests;
			productReference = FA77C23921D632BD00F9D086 /* SmackTests.xctest */;
			productType = "com.apple.product-type.bundle.unit-test";
		};
		FA77C24321D632BD00F9D086 /* SmackUITests */ = {
			isa = PBXNativeTarget;
			buildConfigurationList = FA77C25321D632BD00F9D086 /* Build configuration list for PBXNativeTarget "SmackUITests" */;
			buildPhases = (
				FA77C24021D632BD00F9D086 /* Sources */,
				FA77C24121D632BD00F9D086 /* Frameworks */,
				FA77C24221D632BD00F9D086 /* Resources */,
			);
			buildRules = (
			);
			dependencies = (
				FA77C24621D632BD00F9D086 /* PBXTargetDependency */,
			);
			name = SmackUITests;
			productName = SmackUITests;
			productReference = FA77C24421D632BD00F9D086 /* SmackUITests.xctest */;
			productType = "com.apple.product-type.bundle.ui-testing";
		};
/* End PBXNativeTarget section */

/* Begin PBXProject section */
		FA77C21D21D632BD00F9D086 /* Project object */ = {
			isa = PBXProject;
			attributes = {
				LastSwiftUpdateCheck = 0920;
				LastUpgradeCheck = 0920;
				ORGANIZATIONNAME = Macbook;
				TargetAttributes = {
					FA77C22421D632BD00F9D086 = {
						CreatedOnToolsVersion = 9.2;
						LastSwiftMigration = 0920;
						ProvisioningStyle = Automatic;
					};
					FA77C23821D632BD00F9D086 = {
						CreatedOnToolsVersion = 9.2;
						ProvisioningStyle = Automatic;
						TestTargetID = FA77C22421D632BD00F9D086;
					};
					FA77C24321D632BD00F9D086 = {
						CreatedOnToolsVersion = 9.2;
						ProvisioningStyle = Automatic;
						TestTargetID = FA77C22421D632BD00F9D086;
					};
				};
			};
			buildConfigurationList = FA77C22021D632BD00F9D086 /* Build configuration list for PBXProject "Smack" */;
			compatibilityVersion = "Xcode 8.0";
			developmentRegion = en;
			hasScannedForEncodings = 0;
			knownRegions = (
				en,
				Base,
			);
			mainGroup = FA77C21C21D632BD00F9D086;
			productRefGroup = FA77C22621D632BD00F9D086 /* Products */;
			projectDirPath = "";
			projectRoot = "";
			targets = (
				FA77C22421D632BD00F9D086 /* Smack */,
				FA77C23821D632BD00F9D086 /* SmackTests */,
				FA77C24321D632BD00F9D086 /* SmackUITests */,
			);
		};
/* End PBXProject section */

/* Begin PBXResourcesBuildPhase section */
		FA77C22321D632BD00F9D086 /* Resources */ = {
			isa = PBXResourcesBuildPhase;
			buildActionMask = 2147483647;
			files = (
				FA77C23321D632BD00F9D086 /* LaunchScreen.storyboard in Resources */,
				FA77C23021D632BD00F9D086 /* Assets.xcassets in Resources */,
				FA77C22E21D632BD00F9D086 /* Main.storyboard in Resources */,
			);
			runOnlyForDeploymentPostprocessing = 0;
		};
		FA77C23721D632BD00F9D086 /* Resources */ = {
			isa = PBXResourcesBuildPhase;
			buildActionMask = 2147483647;
			files = (
			);
			runOnlyForDeploymentPostprocessing = 0;
		};
		FA77C24221D632BD00F9D086 /* Resources */ = {
			isa = PBXResourcesBuildPhase;
			buildActionMask = 2147483647;
			files = (
			);
			runOnlyForDeploymentPostprocessing = 0;
		};
/* End PBXResourcesBuildPhase section */

/* Begin PBXShellScriptBuildPhase section */
		7E9A8F0B4DBB1C569446D927 /* [CP] Embed Pods Frameworks */ = {
			isa = PBXShellScriptBuildPhase;
			buildActionMask = 2147483647;
			files = (
			);
			inputPaths = (
				"${SRCROOT}/Pods/Target Support Files/Pods-Smack/Pods-Smack-frameworks.sh",
				"${BUILT_PRODUCTS_DIR}/Alamofire/Alamofire.framework",
				"${BUILT_PRODUCTS_DIR}/Socket.IO-Client-Swift/SocketIO.framework",
				"${BUILT_PRODUCTS_DIR}/Starscream/Starscream.framework",
				"${BUILT_PRODUCTS_DIR}/SwiftyJSON/SwiftyJSON.framework",
			);
			name = "[CP] Embed Pods Frameworks";
			outputPaths = (
				"${TARGET_BUILD_DIR}/${FRAMEWORKS_FOLDER_PATH}/Alamofire.framework",
				"${TARGET_BUILD_DIR}/${FRAMEWORKS_FOLDER_PATH}/SocketIO.framework",
				"${TARGET_BUILD_DIR}/${FRAMEWORKS_FOLDER_PATH}/Starscream.framework",
				"${TARGET_BUILD_DIR}/${FRAMEWORKS_FOLDER_PATH}/SwiftyJSON.framework",
			);
			runOnlyForDeploymentPostprocessing = 0;
			shellPath = /bin/sh;
			shellScript = "\"${SRCROOT}/Pods/Target Support Files/Pods-Smack/Pods-Smack-frameworks.sh\"\n";
			showEnvVarsInLog = 0;
		};
		DFD25E7ED63D152B3E4944C2 /* [CP] Check Pods Manifest.lock */ = {
			isa = PBXShellScriptBuildPhase;
			buildActionMask = 2147483647;
			files = (
			);
			inputPaths = (
				"${PODS_PODFILE_DIR_PATH}/Podfile.lock",
				"${PODS_ROOT}/Manifest.lock",
			);
			name = "[CP] Check Pods Manifest.lock";
			outputPaths = (
				"$(DERIVED_FILE_DIR)/Pods-Smack-checkManifestLockResult.txt",
			);
			runOnlyForDeploymentPostprocessing = 0;
			shellPath = /bin/sh;
			shellScript = "diff \"${PODS_PODFILE_DIR_PATH}/Podfile.lock\" \"${PODS_ROOT}/Manifest.lock\" > /dev/null\nif [ $? != 0 ] ; then\n    # print error to STDERR\n    echo \"error: The sandbox is not in sync with the Podfile.lock. Run 'pod install' or update your CocoaPods installation.\" >&2\n    exit 1\nfi\n# This output is used by Xcode 'outputs' to avoid re-running this script phase.\necho \"SUCCESS\" > \"${SCRIPT_OUTPUT_FILE_0}\"\n";
			showEnvVarsInLog = 0;
		};
/* End PBXShellScriptBuildPhase section */

/* Begin PBXSourcesBuildPhase section */
		FA77C22121D632BD00F9D086 /* Sources */ = {
			isa = PBXSourcesBuildPhase;
			buildActionMask = 2147483647;
			files = (
				FA790B5621D65FE300E570E4 /* ChannelVC.swift in Sources */,
				FA790B5421D65FB700E570E4 /* ChatVC.swift in Sources */,
				FA790B5D21D6CB9C00E570E4 /* LoginVC.swift in Sources */,
				FA790B5821D670C800E570E4 /* GradientView.swift in Sources */,
				FA77C22921D632BD00F9D086 /* AppDelegate.swift in Sources */,
				FA790B4E21D65BBD00E570E4 /* SWRevealViewController.m in Sources */,
				FA790B5B21D6BFBD00E570E4 /* Constants.swift in Sources */,
			);
			runOnlyForDeploymentPostprocessing = 0;
		};
		FA77C23521D632BD00F9D086 /* Sources */ = {
			isa = PBXSourcesBuildPhase;
			buildActionMask = 2147483647;
			files = (
				FA77C23E21D632BD00F9D086 /* SmackTests.swift in Sources */,
			);
			runOnlyForDeploymentPostprocessing = 0;
		};
		FA77C24021D632BD00F9D086 /* Sources */ = {
			isa = PBXSourcesBuildPhase;
			buildActionMask = 2147483647;
			files = (
				FA77C24921D632BD00F9D086 /* SmackUITests.swift in Sources */,
			);
			runOnlyForDeploymentPostprocessing = 0;
		};
/* End PBXSourcesBuildPhase section */

/* Begin PBXTargetDependency section */
		FA77C23B21D632BD00F9D086 /* PBXTargetDependency */ = {
			isa = PBXTargetDependency;
			target = FA77C22421D632BD00F9D086 /* Smack */;
			targetProxy = FA77C23A21D632BD00F9D086 /* PBXContainerItemProxy */;
		};
		FA77C24621D632BD00F9D086 /* PBXTargetDependency */ = {
			isa = PBXTargetDependency;
			target = FA77C22421D632BD00F9D086 /* Smack */;
			targetProxy = FA77C24521D632BD00F9D086 /* PBXContainerItemProxy */;
		};
/* End PBXTargetDependency section */

/* Begin PBXVariantGroup section */
		FA77C22C21D632BD00F9D086 /* Main.storyboard */ = {
			isa = PBXVariantGroup;
			children = (
				FA77C22D21D632BD00F9D086 /* Base */,
			);
			name = Main.storyboard;
			sourceTree = "<group>";
		};
		FA77C23121D632BD00F9D086 /* LaunchScreen.storyboard */ = {
			isa = PBXVariantGroup;
			children = (
				FA77C23221D632BD00F9D086 /* Base */,
			);
			name = LaunchScreen.storyboard;
			sourceTree = "<group>";
		};
/* End PBXVariantGroup section */

/* Begin XCBuildConfiguration section */
		FA77C24B21D632BD00F9D086 /* Debug */ = {
			isa = XCBuildConfiguration;
			buildSettings = {
				ALWAYS_SEARCH_USER_PATHS = NO;
				CLANG_ANALYZER_NONNULL = YES;
				CLANG_ANALYZER_NUMBER_OBJECT_CONVERSION = YES_AGGRESSIVE;
				CLANG_CXX_LANGUAGE_STANDARD = "gnu++14";
				CLANG_CXX_LIBRARY = "libc++";
				CLANG_ENABLE_MODULES = YES;
				CLANG_ENABLE_OBJC_ARC = YES;
				CLANG_WARN_BLOCK_CAPTURE_AUTORELEASING = YES;
				CLANG_WARN_BOOL_CONVERSION = YES;
				CLANG_WARN_COMMA = YES;
				CLANG_WARN_CONSTANT_CONVERSION = YES;
				CLANG_WARN_DIRECT_OBJC_ISA_USAGE = YES_ERROR;
				CLANG_WARN_DOCUMENTATION_COMMENTS = YES;
				CLANG_WARN_EMPTY_BODY = YES;
				CLANG_WARN_ENUM_CONVERSION = YES;
				CLANG_WARN_INFINITE_RECURSION = YES;
				CLANG_WARN_INT_CONVERSION = YES;
				CLANG_WARN_NON_LITERAL_NULL_CONVERSION = YES;
				CLANG_WARN_OBJC_LITERAL_CONVERSION = YES;
				CLANG_WARN_OBJC_ROOT_CLASS = YES_ERROR;
				CLANG_WARN_RANGE_LOOP_ANALYSIS = YES;
				CLANG_WARN_STRICT_PROTOTYPES = YES;
				CLANG_WARN_SUSPICIOUS_MOVE = YES;
				CLANG_WARN_UNGUARDED_AVAILABILITY = YES_AGGRESSIVE;
				CLANG_WARN_UNREACHABLE_CODE = YES;
				CLANG_WARN__DUPLICATE_METHOD_MATCH = YES;
				CODE_SIGN_IDENTITY = "iPhone Developer";
				COPY_PHASE_STRIP = NO;
				DEBUG_INFORMATION_FORMAT = dwarf;
				ENABLE_STRICT_OBJC_MSGSEND = YES;
				ENABLE_TESTABILITY = YES;
				GCC_C_LANGUAGE_STANDARD = gnu11;
				GCC_DYNAMIC_NO_PIC = NO;
				GCC_NO_COMMON_BLOCKS = YES;
				GCC_OPTIMIZATION_LEVEL = 0;
				GCC_PREPROCESSOR_DEFINITIONS = (
					"DEBUG=1",
					"$(inherited)",
				);
				GCC_WARN_64_TO_32_BIT_CONVERSION = YES;
				GCC_WARN_ABOUT_RETURN_TYPE = YES_ERROR;
				GCC_WARN_UNDECLARED_SELECTOR = YES;
				GCC_WARN_UNINITIALIZED_AUTOS = YES_AGGRESSIVE;
				GCC_WARN_UNUSED_FUNCTION = YES;
				GCC_WARN_UNUSED_VARIABLE = YES;
				IPHONEOS_DEPLOYMENT_TARGET = 11.2;
				MTL_ENABLE_DEBUG_INFO = YES;
				ONLY_ACTIVE_ARCH = YES;
				SDKROOT = iphoneos;
				SWIFT_ACTIVE_COMPILATION_CONDITIONS = DEBUG;
				SWIFT_OPTIMIZATION_LEVEL = "-Onone";
			};
			name = Debug;
		};
		FA77C24C21D632BD00F9D086 /* Release */ = {
			isa = XCBuildConfiguration;
			buildSettings = {
				ALWAYS_SEARCH_USER_PATHS = NO;
				CLANG_ANALYZER_NONNULL = YES;
				CLANG_ANALYZER_NUMBER_OBJECT_CONVERSION = YES_AGGRESSIVE;
				CLANG_CXX_LANGUAGE_STANDARD = "gnu++14";
				CLANG_CXX_LIBRARY = "libc++";
				CLANG_ENABLE_MODULES = YES;
				CLANG_ENABLE_OBJC_ARC = YES;
				CLANG_WARN_BLOCK_CAPTURE_AUTORELEASING = YES;
				CLANG_WARN_BOOL_CONVERSION = YES;
				CLANG_WARN_COMMA = YES;
				CLANG_WARN_CONSTANT_CONVERSION = YES;
				CLANG_WARN_DIRECT_OBJC_ISA_USAGE = YES_ERROR;
				CLANG_WARN_DOCUMENTATION_COMMENTS = YES;
				CLANG_WARN_EMPTY_BODY = YES;
				CLANG_WARN_ENUM_CONVERSION = YES;
				CLANG_WARN_INFINITE_RECURSION = YES;
				CLANG_WARN_INT_CONVERSION = YES;
				CLANG_WARN_NON_LITERAL_NULL_CONVERSION = YES;
				CLANG_WARN_OBJC_LITERAL_CONVERSION = YES;
				CLANG_WARN_OBJC_ROOT_CLASS = YES_ERROR;
				CLANG_WARN_RANGE_LOOP_ANALYSIS = YES;
				CLANG_WARN_STRICT_PROTOTYPES = YES;
				CLANG_WARN_SUSPICIOUS_MOVE = YES;
				CLANG_WARN_UNGUARDED_AVAILABILITY = YES_AGGRESSIVE;
				CLANG_WARN_UNREACHABLE_CODE = YES;
				CLANG_WARN__DUPLICATE_METHOD_MATCH = YES;
				CODE_SIGN_IDENTITY = "iPhone Developer";
				COPY_PHASE_STRIP = NO;
				DEBUG_INFORMATION_FORMAT = "dwarf-with-dsym";
				ENABLE_NS_ASSERTIONS = NO;
				ENABLE_STRICT_OBJC_MSGSEND = YES;
				GCC_C_LANGUAGE_STANDARD = gnu11;
				GCC_NO_COMMON_BLOCKS = YES;
				GCC_WARN_64_TO_32_BIT_CONVERSION = YES;
				GCC_WARN_ABOUT_RETURN_TYPE = YES_ERROR;
				GCC_WARN_UNDECLARED_SELECTOR = YES;
				GCC_WARN_UNINITIALIZED_AUTOS = YES_AGGRESSIVE;
				GCC_WARN_UNUSED_FUNCTION = YES;
				GCC_WARN_UNUSED_VARIABLE = YES;
				IPHONEOS_DEPLOYMENT_TARGET = 11.2;
				MTL_ENABLE_DEBUG_INFO = NO;
				SDKROOT = iphoneos;
				SWIFT_OPTIMIZATION_LEVEL = "-Owholemodule";
				VALIDATE_PRODUCT = YES;
			};
			name = Release;
		};
		FA77C24E21D632BD00F9D086 /* Debug */ = {
			isa = XCBuildConfiguration;
			baseConfigurationReference = EAF8B683C96721219B5305B7 /* Pods-Smack.debug.xcconfig */;
			buildSettings = {
				ASSETCATALOG_COMPILER_APPICON_NAME = AppIcon;
				CLANG_ENABLE_MODULES = YES;
				CODE_SIGN_STYLE = Automatic;
				INFOPLIST_FILE = Smack/Info.plist;
				LD_RUNPATH_SEARCH_PATHS = "$(inherited) @executable_path/Frameworks";
				PRODUCT_BUNDLE_IDENTIFIER = Khezri.Smack;
				PRODUCT_NAME = "$(TARGET_NAME)";
				SWIFT_OBJC_BRIDGING_HEADER = "Supporting Files/Smack-Bridging-Header.h";
				SWIFT_OPTIMIZATION_LEVEL = "-Onone";
				SWIFT_VERSION = 4.0;
				TARGETED_DEVICE_FAMILY = "1,2";
			};
			name = Debug;
		};
		FA77C24F21D632BD00F9D086 /* Release */ = {
			isa = XCBuildConfiguration;
			baseConfigurationReference = 73147AF938AD2F4E3524BA2D /* Pods-Smack.release.xcconfig */;
			buildSettings = {
				ASSETCATALOG_COMPILER_APPICON_NAME = AppIcon;
				CLANG_ENABLE_MODULES = YES;
				CODE_SIGN_STYLE = Automatic;
				INFOPLIST_FILE = Smack/Info.plist;
				LD_RUNPATH_SEARCH_PATHS = "$(inherited) @executable_path/Frameworks";
				PRODUCT_BUNDLE_IDENTIFIER = Khezri.Smack;
				PRODUCT_NAME = "$(TARGET_NAME)";
				SWIFT_OBJC_BRIDGING_HEADER = "Supporting Files/Smack-Bridging-Header.h";
				SWIFT_VERSION = 4.0;
				TARGETED_DEVICE_FAMILY = "1,2";
			};
			name = Release;
		};
		FA77C25121D632BD00F9D086 /* Debug */ = {
			isa = XCBuildConfiguration;
			buildSettings = {
				ALWAYS_EMBED_SWIFT_STANDARD_LIBRARIES = YES;
				BUNDLE_LOADER = "$(TEST_HOST)";
				CODE_SIGN_STYLE = Automatic;
				INFOPLIST_FILE = SmackTests/Info.plist;
				LD_RUNPATH_SEARCH_PATHS = "$(inherited) @executable_path/Frameworks @loader_path/Frameworks";
				PRODUCT_BUNDLE_IDENTIFIER = Khezri.SmackTests;
				PRODUCT_NAME = "$(TARGET_NAME)";
				SWIFT_VERSION = 4.0;
				TARGETED_DEVICE_FAMILY = "1,2";
				TEST_HOST = "$(BUILT_PRODUCTS_DIR)/Smack.app/Smack";
			};
			name = Debug;
		};
		FA77C25221D632BD00F9D086 /* Release */ = {
			isa = XCBuildConfiguration;
			buildSettings = {
				ALWAYS_EMBED_SWIFT_STANDARD_LIBRARIES = YES;
				BUNDLE_LOADER = "$(TEST_HOST)";
				CODE_SIGN_STYLE = Automatic;
				INFOPLIST_FILE = SmackTests/Info.plist;
				LD_RUNPATH_SEARCH_PATHS = "$(inherited) @executable_path/Frameworks @loader_path/Frameworks";
				PRODUCT_BUNDLE_IDENTIFIER = Khezri.SmackTests;
				PRODUCT_NAME = "$(TARGET_NAME)";
				SWIFT_VERSION = 4.0;
				TARGETED_DEVICE_FAMILY = "1,2";
				TEST_HOST = "$(BUILT_PRODUCTS_DIR)/Smack.app/Smack";
			};
			name = Release;
		};
		FA77C25421D632BD00F9D086 /* Debug */ = {
			isa = XCBuildConfiguration;
			buildSettings = {
				ALWAYS_EMBED_SWIFT_STANDARD_LIBRARIES = YES;
				CODE_SIGN_STYLE = Automatic;
				INFOPLIST_FILE = SmackUITests/Info.plist;
				LD_RUNPATH_SEARCH_PATHS = "$(inherited) @executable_path/Frameworks @loader_path/Frameworks";
				PRODUCT_BUNDLE_IDENTIFIER = Khezri.SmackUITests;
				PRODUCT_NAME = "$(TARGET_NAME)";
				SWIFT_VERSION = 4.0;
				TARGETED_DEVICE_FAMILY = "1,2";
				TEST_TARGET_NAME = Smack;
			};
			name = Debug;
		};
		FA77C25521D632BD00F9D086 /* Release */ = {
			isa = XCBuildConfiguration;
			buildSettings = {
				ALWAYS_EMBED_SWIFT_STANDARD_LIBRARIES = YES;
				CODE_SIGN_STYLE = Automatic;
				INFOPLIST_FILE = SmackUITests/Info.plist;
				LD_RUNPATH_SEARCH_PATHS = "$(inherited) @executable_path/Frameworks @loader_path/Frameworks";
				PRODUCT_BUNDLE_IDENTIFIER = Khezri.SmackUITests;
				PRODUCT_NAME = "$(TARGET_NAME)";
				SWIFT_VERSION = 4.0;
				TARGETED_DEVICE_FAMILY = "1,2";
				TEST_TARGET_NAME = Smack;
			};
			name = Release;
		};
/* End XCBuildConfiguration section */

/* Begin XCConfigurationList section */
		FA77C22021D632BD00F9D086 /* Build configuration list for PBXProject "Smack" */ = {
			isa = XCConfigurationList;
			buildConfigurations = (
				FA77C24B21D632BD00F9D086 /* Debug */,
				FA77C24C21D632BD00F9D086 /* Release */,
			);
			defaultConfigurationIsVisible = 0;
			defaultConfigurationName = Release;
		};
		FA77C24D21D632BD00F9D086 /* Build configuration list for PBXNativeTarget "Smack" */ = {
			isa = XCConfigurationList;
			buildConfigurations = (
				FA77C24E21D632BD00F9D086 /* Debug */,
				FA77C24F21D632BD00F9D086 /* Release */,
			);
			defaultConfigurationIsVisible = 0;
			defaultConfigurationName = Release;
		};
		FA77C25021D632BD00F9D086 /* Build configuration list for PBXNativeTarget "SmackTests" */ = {
			isa = XCConfigurationList;
			buildConfigurations = (
				FA77C25121D632BD00F9D086 /* Debug */,
				FA77C25221D632BD00F9D086 /* Release */,
			);
			defaultConfigurationIsVisible = 0;
			defaultConfigurationName = Release;
		};
		FA77C25321D632BD00F9D086 /* Build configuration list for PBXNativeTarget "SmackUITests" */ = {
			isa = XCConfigurationList;
			buildConfigurations = (
				FA77C25421D632BD00F9D086 /* Debug */,
				FA77C25521D632BD00F9D086 /* Release */,
			);
			defaultConfigurationIsVisible = 0;
			defaultConfigurationName = Release;
		};
/* End XCConfigurationList section */
	};
	rootObject = FA77C21D21D632BD00F9D086 /* Project object */;
}
