// !$*UTF8*$!
{
	archiveVersion = 1;
	classes = {
	};
	objectVersion = 48;
	objects = {

/* Begin PBXBuildFile section */
		FA77C22921D632BD00F9D086 /* AppDelegate.swift in Sources */ = {isa = PBXBuildFile; fileRef = FA77C22821D632BD00F9D086 /* AppDelegate.swift */; };
		FA77C22B21D632BD00F9D086 /* ViewController.swift in Sources */ = {isa = PBXBuildFile; fileRef = FA77C22A21D632BD00F9D086 /* ViewController.swift */; };
		FA77C22E21D632BD00F9D086 /* Main.storyboard in Resources */ = {isa = PBXBuildFile; fileRef = FA77C22C21D632BD00F9D086 /* Main.storyboard */; };
		FA77C23021D632BD00F9D086 /* Assets.xcassets in Resources */ = {isa = PBXBuildFile; fileRef = FA77C22F21D632BD00F9D086 /* Assets.xcassets */; };
		FA77C23321D632BD00F9D086 /* LaunchScreen.storyboard in Resources */ = {isa = PBXBuildFile; fileRef = FA77C23121D632BD00F9D086 /* LaunchScreen.storyboard */; };
		FA77C23E21D632BD00F9D086 /* SmackTests.swift in Sources */ = {isa = PBXBuildFile; fileRef = FA77C23D21D632BD00F9D086 /* SmackTests.swift */; };
		FA77C24921D632BD00F9D086 /* SmackUITests.swift in Sources */ = {isa = PBXBuildFile; fileRef = FA77C24821D632BD00F9D086 /* SmackUITests.swift */; };
/* End PBXBuildFile section */

/* Begin PBXContainerItemProxy section */
		FA77C23A21D632BD00F9D086 /* PBXContainerItemProxy */ = {
			isa = PBXContainerItemProxy;
			containerPortal = FA77C21D21D632BD00F9D086 /* Project object */;
			proxyType = 1;
			remoteGlobalIDString = FA77C22421D632BD00F9D086;
			remoteInfo = Smack;
		};
		FA77C24521D632BD00F9D086 /* PBXContainerItemProxy */ = {
			isa = PBXContainerItemProxy;
			containerPortal = FA77C21D21D632BD00F9D086 /* Project object */;
			proxyType = 1;
			remoteGlobalIDString = FA77C22421D632BD00F9D086;
			remoteInfo = Smack;
		};
/* End PBXContainerItemProxy section */

/* Begin PBXFileReference section */
		FA77C22521D632BD00F9D086 /* Smack.app */ = {isa = PBXFileReference; explicitFileType = wrapper.application; includeInIndex = 0; path = Smack.app; sourceTree = BUILT_PRODUCTS_DIR; };
		FA77C22821D632BD00F9D086 /* AppDelegate.swift */ = {isa = PBXFileReference; lastKnownFileType = sourcecode.swift; path = AppDelegate.swift; sourceTree = "<group>"; };
		FA77C22A21D632BD00F9D086 /* ViewController.swift */ = {isa = PBXFileReference; lastKnownFileType = sourcecode.swift; path = ViewController.swift; sourceTree = "<group>"; };
		FA77C22D21D632BD00F9D086 /* Base */ = {isa = PBXFileReference; lastKnownFileType = file.storyboard; name = Base; path = Base.lproj/Main.storyboard; sourceTree = "<group>"; };
		FA77C22F21D632BD00F9D086 /* Assets.xcassets */ = {isa = PBXFileReference; lastKnownFileType = folder.assetcatalog; path = Assets.xcassets; sourceTree = "<group>"; };
		FA77C23221D632BD00F9D086 /* Base */ = {isa = PBXFileReference; lastKnownFileType = file.storyboard; name = Base; path = Base.lproj/LaunchScreen.storyboard; sourceTree = "<group>"; };
		FA77C23421D632BD00F9D086 /* Info.plist */ = {isa = PBXFileReference; lastKnownFileType = text.plist.xml; path = Info.plist; sourceTree = "<group>"; };
		FA77C23921D632BD00F9D086 /* SmackTests.xctest */ = {isa = PBXFileReference; explicitFileType = wrapper.cfbundle; includeInIndex = 0; path = SmackTests.xctest; sourceTree = BUILT_PRODUCTS_DIR; };
		FA77C23D21D632BD00F9D086 /* SmackTests.swift */ = {isa = PBXFileReference; lastKnownFileType = sourcecode.swift; path = SmackTests.swift; sourceTree = "<group>"; };
		FA77C23F21D632BD00F9D086 /* Info.plist */ = {isa = PBXFileReference; lastKnownFileType = text.plist.xml; path = Info.plist; sourceTree = "<group>"; };
		FA77C24421D632BD00F9D086 /* SmackUITests.xctest */ = {isa = PBXFileReference; explicitFileType = wrapper.cfbundle; includeInIndex = 0; path = SmackUITests.xctest; sourceTree = BUILT_PRODUCTS_DIR; };
		FA77C24821D632BD00F9D086 /* SmackUITests.swift */ = {isa = PBXFileReference; lastKnownFileType = sourcecode.swift; path = SmackUITests.swift; sourceTree = "<group>"; };
		FA77C24A21D632BD00F9D086 /* Info.plist */ = {isa = PBXFileReference; lastKnownFileType = text.plist.xml; path = Info.plist; sourceTree = "<group>"; };
/* End PBXFileReference section */

/* Begin PBXFrameworksBuildPhase section */
		FA77C22221D632BD00F9D086 /* Frameworks */ = {
			isa = PBXFrameworksBuildPhase;
			buildActionMask = 2147483647;
			files = (
			);
			runOnlyForDeploymentPostprocessing = 0;
		};
		FA77C23621D632BD00F9D086 /* Frameworks */ = {
			isa = PBXFrameworksBuildPhase;
			buildActionMask = 2147483647;
			files = (
			);
			runOnlyForDeploymentPostprocessing = 0;
		};
		FA77C24121D632BD00F9D086 /* Frameworks */ = {
			isa = PBXFrameworksBuildPhase;
			buildActionMask = 2147483647;
			files = (
			);
			runOnlyForDeploymentPostprocessing = 0;
		};
/* End PBXFrameworksBuildPhase section */

/* Begin PBXGroup section */
		FA77C21C21D632BD00F9D086 = {
			isa = PBXGroup;
			children = (
				FA77C22721D632BD00F9D086 /* Smack */,
				FA77C23C21D632BD00F9D086 /* SmackTests */,
				FA77C24721D632BD00F9D086 /* SmackUITests */,
				FA77C22621D632BD00F9D086 /* Products */,
			);
			sourceTree = "<group>";
		};
		FA77C22621D632BD00F9D086 /* Products */ = {
			isa = PBXGroup;
			children = (
				FA77C22521D632BD00F9D086 /* Smack.app */,
				FA77C23921D632BD00F9D086 /* SmackTests.xctest */,
				FA77C24421D632BD00F9D086 /* SmackUITests.xctest */,
			);
			name = Products;
			sourceTree = "<group>";
		};
		FA77C22721D632BD00F9D086 /* Smack */ = {
			isa = PBXGroup;
			children = (
				FA77C22821D632BD00F9D086 /* AppDelegate.swift */,
				FA77C22A21D632BD00F9D086 /* ViewController.swift */,
				FA77C22C21D632BD00F9D086 /* Main.storyboard */,
				FA77C22F21D632BD00F9D086 /* Assets.xcassets */,
				FA77C23121D632BD00F9D086 /* LaunchScreen.storyboard */,
				FA77C23421D632BD00F9D086 /* Info.plist */,
			);
			path = Smack;
			sourceTree = "<group>";
		};
		FA77C23C21D632BD00F9D086 /* SmackTests */ = {
			isa = PBXGroup;
			children = (
				FA77C23D21D632BD00F9D086 /* SmackTests.swift */,
				FA77C23F21D632BD00F9D086 /* Info.plist */,
			);
			path = SmackTests;
			sourceTree = "<group>";
		};
		FA77C24721D632BD00F9D086 /* SmackUITests */ = {
			isa = PBXGroup;
			children = (
				FA77C24821D632BD00F9D086 /* SmackUITests.swift */,
				FA77C24A21D632BD00F9D086 /* Info.plist */,
			);
			path = SmackUITests;
			sourceTree = "<group>";
		};
/* End PBXGroup section */

/* Begin PBXNativeTarget section */
		FA77C22421D632BD00F9D086 /* Smack */ = {
			isa = PBXNativeTarget;
			buildConfigurationList = FA77C24D21D632BD00F9D086 /* Build configuration list for PBXNativeTarget "Smack" */;
			buildPhases = (
				FA77C22121D632BD00F9D086 /* Sources */,
				FA77C22221D632BD00F9D086 /* Frameworks */,
				FA77C22321D632BD00F9D086 /* Resources */,
			);
			buildRules = (
			);
			dependencies = (
			);
			name = Smack;
			productName = Smack;
			productReference = FA77C22521D632BD00F9D086 /* Smack.app */;
			productType = "com.apple.product-type.application";
		};
		FA77C23821D632BD00F9D086 /* SmackTests */ = {
			isa = PBXNativeTarget;
			buildConfigurationList = FA77C25021D632BD00F9D086 /* Build configuration list for PBXNativeTarget "SmackTests" */;
			buildPhases = (
				FA77C23521D632BD00F9D086 /* Sources */,
				FA77C23621D632BD00F9D086 /* Frameworks */,
				FA77C23721D632BD00F9D086 /* Resources */,
			);
			buildRules = (
			);
			dependencies = (
				FA77C23B21D632BD00F9D086 /* PBXTargetDependency */,
			);
			name = SmackTests;
			productName = SmackTests;
			productReference = FA77C23921D632BD00F9D086 /* SmackTests.xctest */;
			productType = "com.apple.product-type.bundle.unit-test";
		};
		FA77C24321D632BD00F9D086 /* SmackUITests */ = {
			isa = PBXNativeTarget;
			buildConfigurationList = FA77C25321D632BD00F9D086 /* Build configuration list for PBXNativeTarget "SmackUITests" */;
			buildPhases = (
				FA77C24021D632BD00F9D086 /* Sources */,
				FA77C24121D632BD00F9D086 /* Frameworks */,
				FA77C24221D632BD00F9D086 /* Resources */,
			);
			buildRules = (
			);
			dependencies = (
				FA77C24621D632BD00F9D086 /* PBXTargetDependency */,
			);
			name = SmackUITests;
			productName = SmackUITests;
			productReference = FA77C24421D632BD00F9D086 /* SmackUITests.xctest */;
			productType = "com.apple.product-type.bundle.ui-testing";
		};
/* End PBXNativeTarget section */

/* Begin PBXProject section */
		FA77C21D21D632BD00F9D086 /* Project object */ = {
			isa = PBXProject;
			attributes = {
				LastSwiftUpdateCheck = 0920;
				LastUpgradeCheck = 0920;
				ORGANIZATIONNAME = Macbook;
				TargetAttributes = {
					FA77C22421D632BD00F9D086 = {
						CreatedOnToolsVersion = 9.2;
						ProvisioningStyle = Automatic;
					};
					FA77C23821D632BD00F9D086 = {
						CreatedOnToolsVersion = 9.2;
						ProvisioningStyle = Automatic;
						TestTargetID = FA77C22421D632BD00F9D086;
					};
					FA77C24321D632BD00F9D086 = {
						CreatedOnToolsVersion = 9.2;
						ProvisioningStyle = Automatic;
						TestTargetID = FA77C22421D632BD00F9D086;
					};
				};
			};
			buildConfigurationList = FA77C22021D632BD00F9D086 /* Build configuration list for PBXProject "Smack" */;
			compatibilityVersion = "Xcode 8.0";
			developmentRegion = en;
			hasScannedForEncodings = 0;
			knownRegions = (
				en,
				Base,
			);
			mainGroup = FA77C21C21D632BD00F9D086;
			productRefGroup = FA77C22621D632BD00F9D086 /* Products */;
			projectDirPath = "";
			projectRoot = "";
			targets = (
				FA77C22421D632BD00F9D086 /* Smack */,
				FA77C23821D632BD00F9D086 /* SmackTests */,
				FA77C24321D632BD00F9D086 /* SmackUITests */,
			);
		};
/* End PBXProject section */

/* Begin PBXResourcesBuildPhase section */
		FA77C22321D632BD00F9D086 /* Resources */ = {
			isa = PBXResourcesBuildPhase;
			buildActionMask = 2147483647;
			files = (
				FA77C23321D632BD00F9D086 /* LaunchScreen.storyboard in Resources */,
				FA77C23021D632BD00F9D086 /* Assets.xcassets in Resources */,
				FA77C22E21D632BD00F9D086 /* Main.storyboard in Resources */,
			);
			runOnlyForDeploymentPostprocessing = 0;
		};
		FA77C23721D632BD00F9D086 /* Resources */ = {
			isa = PBXResourcesBuildPhase;
			buildActionMask = 2147483647;
			files = (
			);
			runOnlyForDeploymentPostprocessing = 0;
		};
		FA77C24221D632BD00F9D086 /* Resources */ = {
			isa = PBXResourcesBuildPhase;
			buildActionMask = 2147483647;
			files = (
			);
			runOnlyForDeploymentPostprocessing = 0;
		};
/* End PBXResourcesBuildPhase section */

/* Begin PBXSourcesBuildPhase section */
		FA77C22121D632BD00F9D086 /* Sources */ = {
			isa = PBXSourcesBuildPhase;
			buildActionMask = 2147483647;
			files = (
				FA77C22B21D632BD00F9D086 /* ViewController.swift in Sources */,
				FA77C22921D632BD00F9D086 /* AppDelegate.swift in Sources */,
			);
			runOnlyForDeploymentPostprocessing = 0;
		};
		FA77C23521D632BD00F9D086 /* Sources */ = {
			isa = PBXSourcesBuildPhase;
			buildActionMask = 2147483647;
			files = (
				FA77C23E21D632BD00F9D086 /* SmackTests.swift in Sources */,
			);
			runOnlyForDeploymentPostprocessing = 0;
		};
		FA77C24021D632BD00F9D086 /* Sources */ = {
			isa = PBXSourcesBuildPhase;
			buildActionMask = 2147483647;
			files = (
				FA77C24921D632BD00F9D086 /* SmackUITests.swift in Sources */,
			);
			runOnlyForDeploymentPostprocessing = 0;
		};
/* End PBXSourcesBuildPhase section */

/* Begin PBXTargetDependency section */
		FA77C23B21D632BD00F9D086 /* PBXTargetDependency */ = {
			isa = PBXTargetDependency;
			target = FA77C22421D632BD00F9D086 /* Smack */;
			targetProxy = FA77C23A21D632BD00F9D086 /* PBXContainerItemProxy */;
		};
		FA77C24621D632BD00F9D086 /* PBXTargetDependency */ = {
			isa = PBXTargetDependency;
			target = FA77C22421D632BD00F9D086 /* Smack */;
			targetProxy = FA77C24521D632BD00F9D086 /* PBXContainerItemProxy */;
		};
/* End PBXTargetDependency section */

/* Begin PBXVariantGroup section */
		FA77C22C21D632BD00F9D086 /* Main.storyboard */ = {
			isa = PBXVariantGroup;
			children = (
				FA77C22D21D632BD00F9D086 /* Base */,
			);
			name = Main.storyboard;
			sourceTree = "<group>";
		};
		FA77C23121D632BD00F9D086 /* LaunchScreen.storyboard */ = {
			isa = PBXVariantGroup;
			children = (
				FA77C23221D632BD00F9D086 /* Base */,
			);
			name = LaunchScreen.storyboard;
			sourceTree = "<group>";
		};
/* End PBXVariantGroup section */

/* Begin XCBuildConfiguration section */
		FA77C24B21D632BD00F9D086 /* Debug */ = {
			isa = XCBuildConfiguration;
			buildSettings = {
				ALWAYS_SEARCH_USER_PATHS = NO;
				CLANG_ANALYZER_NONNULL = YES;
				CLANG_ANALYZER_NUMBER_OBJECT_CONVERSION = YES_AGGRESSIVE;
				CLANG_CXX_LANGUAGE_STANDARD = "gnu++14";
				CLANG_CXX_LIBRARY = "libc++";
				CLANG_ENABLE_MODULES = YES;
				CLANG_ENABLE_OBJC_ARC = YES;
				CLANG_WARN_BLOCK_CAPTURE_AUTORELEASING = YES;
				CLANG_WARN_BOOL_CONVERSION = YES;
				CLANG_WARN_COMMA = YES;
				CLANG_WARN_CONSTANT_CONVERSION = YES;
				CLANG_WARN_DIRECT_OBJC_ISA_USAGE = YES_ERROR;
				CLANG_WARN_DOCUMENTATION_COMMENTS = YES;
				CLANG_WARN_EMPTY_BODY = YES;
				CLANG_WARN_ENUM_CONVERSION = YES;
				CLANG_WARN_INFINITE_RECURSION = YES;
				CLANG_WARN_INT_CONVERSION = YES;
				CLANG_WARN_NON_LITERAL_NULL_CONVERSION = YES;
				CLANG_WARN_OBJC_LITERAL_CONVERSION = YES;
				CLANG_WARN_OBJC_ROOT_CLASS = YES_ERROR;
				CLANG_WARN_RANGE_LOOP_ANALYSIS = YES;
				CLANG_WARN_STRICT_PROTOTYPES = YES;
				CLANG_WARN_SUSPICIOUS_MOVE = YES;
				CLANG_WARN_UNGUARDED_AVAILABILITY = YES_AGGRESSIVE;
				CLANG_WARN_UNREACHABLE_CODE = YES;
				CLANG_WARN__DUPLICATE_METHOD_MATCH = YES;
				CODE_SIGN_IDENTITY = "iPhone Developer";
				COPY_PHASE_STRIP = NO;
				DEBUG_INFORMATION_FORMAT = dwarf;
				ENABLE_STRICT_OBJC_MSGSEND = YES;
				ENABLE_TESTABILITY = YES;
				GCC_C_LANGUAGE_STANDARD = gnu11;
				GCC_DYNAMIC_NO_PIC = NO;
				GCC_NO_COMMON_BLOCKS = YES;
				GCC_OPTIMIZATION_LEVEL = 0;
				GCC_PREPROCESSOR_DEFINITIONS = (
					"DEBUG=1",
					"$(inherited)",
				);
				GCC_WARN_64_TO_32_BIT_CONVERSION = YES;
				GCC_WARN_ABOUT_RETURN_TYPE = YES_ERROR;
				GCC_WARN_UNDECLARED_SELECTOR = YES;
				GCC_WARN_UNINITIALIZED_AUTOS = YES_AGGRESSIVE;
				GCC_WARN_UNUSED_FUNCTION = YES;
				GCC_WARN_UNUSED_VARIABLE = YES;
				IPHONEOS_DEPLOYMENT_TARGET = 11.2;
				MTL_ENABLE_DEBUG_INFO = YES;
				ONLY_ACTIVE_ARCH = YES;
				SDKROOT = iphoneos;
				SWIFT_ACTIVE_COMPILATION_CONDITIONS = DEBUG;
				SWIFT_OPTIMIZATION_LEVEL = "-Onone";
			};
			name = Debug;
		};
		FA77C24C21D632BD00F9D086 /* Release */ = {
			isa = XCBuildConfiguration;
			buildSettings = {
				ALWAYS_SEARCH_USER_PATHS = NO;
				CLANG_ANALYZER_NONNULL = YES;
				CLANG_ANALYZER_NUMBER_OBJECT_CONVERSION = YES_AGGRESSIVE;
				CLANG_CXX_LANGUAGE_STANDARD = "gnu++14";
				CLANG_CXX_LIBRARY = "libc++";
				CLANG_ENABLE_MODULES = YES;
				CLANG_ENABLE_OBJC_ARC = YES;
				CLANG_WARN_BLOCK_CAPTURE_AUTORELEASING = YES;
				CLANG_WARN_BOOL_CONVERSION = YES;
				CLANG_WARN_COMMA = YES;
				CLANG_WARN_CONSTANT_CONVERSION = YES;
				CLANG_WARN_DIRECT_OBJC_ISA_USAGE = YES_ERROR;
				CLANG_WARN_DOCUMENTATION_COMMENTS = YES;
				CLANG_WARN_EMPTY_BODY = YES;
				CLANG_WARN_ENUM_CONVERSION = YES;
				CLANG_WARN_INFINITE_RECURSION = YES;
				CLANG_WARN_INT_CONVERSION = YES;
				CLANG_WARN_NON_LITERAL_NULL_CONVERSION = YES;
				CLANG_WARN_OBJC_LITERAL_CONVERSION = YES;
				CLANG_WARN_OBJC_ROOT_CLASS = YES_ERROR;
				CLANG_WARN_RANGE_LOOP_ANALYSIS = YES;
				CLANG_WARN_STRICT_PROTOTYPES = YES;
				CLANG_WARN_SUSPICIOUS_MOVE = YES;
				CLANG_WARN_UNGUARDED_AVAILABILITY = YES_AGGRESSIVE;
				CLANG_WARN_UNREACHABLE_CODE = YES;
				CLANG_WARN__DUPLICATE_METHOD_MATCH = YES;
				CODE_SIGN_IDENTITY = "iPhone Developer";
				COPY_PHASE_STRIP = NO;
				DEBUG_INFORMATION_FORMAT = "dwarf-with-dsym";
				ENABLE_NS_ASSERTIONS = NO;
				ENABLE_STRICT_OBJC_MSGSEND = YES;
				GCC_C_LANGUAGE_STANDARD = gnu11;
				GCC_NO_COMMON_BLOCKS = YES;
				GCC_WARN_64_TO_32_BIT_CONVERSION = YES;
				GCC_WARN_ABOUT_RETURN_TYPE = YES_ERROR;
				GCC_WARN_UNDECLARED_SELECTOR = YES;
				GCC_WARN_UNINITIALIZED_AUTOS = YES_AGGRESSIVE;
				GCC_WARN_UNUSED_FUNCTION = YES;
				GCC_WARN_UNUSED_VARIABLE = YES;
				IPHONEOS_DEPLOYMENT_TARGET = 11.2;
				MTL_ENABLE_DEBUG_INFO = NO;
				SDKROOT = iphoneos;
				SWIFT_OPTIMIZATION_LEVEL = "-Owholemodule";
				VALIDATE_PRODUCT = YES;
			};
			name = Release;
		};
		FA77C24E21D632BD00F9D086 /* Debug */ = {
			isa = XCBuildConfiguration;
			buildSettings = {
				ASSETCATALOG_COMPILER_APPICON_NAME = AppIcon;
				CODE_SIGN_STYLE = Automatic;
				INFOPLIST_FILE = Smack/Info.plist;
				LD_RUNPATH_SEARCH_PATHS = "$(inherited) @executable_path/Frameworks";
				PRODUCT_BUNDLE_IDENTIFIER = Khezri.Smack;
				PRODUCT_NAME = "$(TARGET_NAME)";
				SWIFT_VERSION = 4.0;
				TARGETED_DEVICE_FAMILY = "1,2";
			};
			name = Debug;
		};
		FA77C24F21D632BD00F9D086 /* Release */ = {
			isa = XCBuildConfiguration;
			buildSettings = {
				ASSETCATALOG_COMPILER_APPICON_NAME = AppIcon;
				CODE_SIGN_STYLE = Automatic;
				INFOPLIST_FILE = Smack/Info.plist;
				LD_RUNPATH_SEARCH_PATHS = "$(inherited) @executable_path/Frameworks";
				PRODUCT_BUNDLE_IDENTIFIER = Khezri.Smack;
				PRODUCT_NAME = "$(TARGET_NAME)";
				SWIFT_VERSION = 4.0;
				TARGETED_DEVICE_FAMILY = "1,2";
			};
			name = Release;
		};
		FA77C25121D632BD00F9D086 /* Debug */ = {
			isa = XCBuildConfiguration;
			buildSettings = {
				ALWAYS_EMBED_SWIFT_STANDARD_LIBRARIES = YES;
				BUNDLE_LOADER = "$(TEST_HOST)";
				CODE_SIGN_STYLE = Automatic;
				INFOPLIST_FILE = SmackTests/Info.plist;
				LD_RUNPATH_SEARCH_PATHS = "$(inherited) @executable_path/Frameworks @loader_path/Frameworks";
				PRODUCT_BUNDLE_IDENTIFIER = Khezri.SmackTests;
				PRODUCT_NAME = "$(TARGET_NAME)";
				SWIFT_VERSION = 4.0;
				TARGETED_DEVICE_FAMILY = "1,2";
				TEST_HOST = "$(BUILT_PRODUCTS_DIR)/Smack.app/Smack";
			};
			name = Debug;
		};
		FA77C25221D632BD00F9D086 /* Release */ = {
			isa = XCBuildConfiguration;
			buildSettings = {
				ALWAYS_EMBED_SWIFT_STANDARD_LIBRARIES = YES;
				BUNDLE_LOADER = "$(TEST_HOST)";
				CODE_SIGN_STYLE = Automatic;
				INFOPLIST_FILE = SmackTests/Info.plist;
				LD_RUNPATH_SEARCH_PATHS = "$(inherited) @executable_path/Frameworks @loader_path/Frameworks";
				PRODUCT_BUNDLE_IDENTIFIER = Khezri.SmackTests;
				PRODUCT_NAME = "$(TARGET_NAME)";
				SWIFT_VERSION = 4.0;
				TARGETED_DEVICE_FAMILY = "1,2";
				TEST_HOST = "$(BUILT_PRODUCTS_DIR)/Smack.app/Smack";
			};
			name = Release;
		};
		FA77C25421D632BD00F9D086 /* Debug */ = {
			isa = XCBuildConfiguration;
			buildSettings = {
				ALWAYS_EMBED_SWIFT_STANDARD_LIBRARIES = YES;
				CODE_SIGN_STYLE = Automatic;
				INFOPLIST_FILE = SmackUITests/Info.plist;
				LD_RUNPATH_SEARCH_PATHS = "$(inherited) @executable_path/Frameworks @loader_path/Frameworks";
				PRODUCT_BUNDLE_IDENTIFIER = Khezri.SmackUITests;
				PRODUCT_NAME = "$(TARGET_NAME)";
				SWIFT_VERSION = 4.0;
				TARGETED_DEVICE_FAMILY = "1,2";
				TEST_TARGET_NAME = Smack;
			};
			name = Debug;
		};
		FA77C25521D632BD00F9D086 /* Release */ = {
			isa = XCBuildConfiguration;
			buildSettings = {
				ALWAYS_EMBED_SWIFT_STANDARD_LIBRARIES = YES;
				CODE_SIGN_STYLE = Automatic;
				INFOPLIST_FILE = SmackUITests/Info.plist;
				LD_RUNPATH_SEARCH_PATHS = "$(inherited) @executable_path/Frameworks @loader_path/Frameworks";
				PRODUCT_BUNDLE_IDENTIFIER = Khezri.SmackUITests;
				PRODUCT_NAME = "$(TARGET_NAME)";
				SWIFT_VERSION = 4.0;
				TARGETED_DEVICE_FAMILY = "1,2";
				TEST_TARGET_NAME = Smack;
			};
			name = Release;
		};
/* End XCBuildConfiguration section */

/* Begin XCConfigurationList section */
		FA77C22021D632BD00F9D086 /* Build configuration list for PBXProject "Smack" */ = {
			isa = XCConfigurationList;
			buildConfigurations = (
				FA77C24B21D632BD00F9D086 /* Debug */,
				FA77C24C21D632BD00F9D086 /* Release */,
			);
			defaultConfigurationIsVisible = 0;
			defaultConfigurationName = Release;
		};
		FA77C24D21D632BD00F9D086 /* Build configuration list for PBXNativeTarget "Smack" */ = {
			isa = XCConfigurationList;
			buildConfigurations = (
				FA77C24E21D632BD00F9D086 /* Debug */,
				FA77C24F21D632BD00F9D086 /* Release */,
			);
			defaultConfigurationIsVisible = 0;
			defaultConfigurationName = Release;
		};
		FA77C25021D632BD00F9D086 /* Build configuration list for PBXNativeTarget "SmackTests" */ = {
			isa = XCConfigurationList;
			buildConfigurations = (
				FA77C25121D632BD00F9D086 /* Debug */,
				FA77C25221D632BD00F9D086 /* Release */,
			);
			defaultConfigurationIsVisible = 0;
			defaultConfigurationName = Release;
		};
		FA77C25321D632BD00F9D086 /* Build configuration list for PBXNativeTarget "SmackUITests" */ = {
			isa = XCConfigurationList;
			buildConfigurations = (
				FA77C25421D632BD00F9D086 /* Debug */,
				FA77C25521D632BD00F9D086 /* Release */,
			);
			defaultConfigurationIsVisible = 0;
			defaultConfigurationName = Release;
		};
/* End XCConfigurationList section */
	};
	rootObject = FA77C21D21D632BD00F9D086 /* Project object */;
}
